<?xml version="1.0" encoding="utf-8"?>
<Project ToolsVersion="4.0" xmlns="http://schemas.microsoft.com/developer/msbuild/2003">
  <ItemGroup>
    <Filter Include="Source Files">
      <UniqueIdentifier>{4FC737F1-C7A5-4376-A066-2A32D752A2FF}</UniqueIdentifier>
      <Extensions>cpp;c;cc;cxx;def;odl;idl;hpj;bat;asm;asmx</Extensions>
    </Filter>
    <Filter Include="Header Files">
      <UniqueIdentifier>{93995380-89BD-4b04-88EB-625FBE52EBFB}</UniqueIdentifier>
      <Extensions>h;hh;hpp;hxx;hm;inl;inc;xsd</Extensions>
    </Filter>
    <Filter Include="Resource Files">
      <UniqueIdentifier>{67DA6AB6-F800-4c08-8B7A-83BB121AAD01}</UniqueIdentifier>
      <Extensions>rc;ico;cur;bmp;dlg;rc2;rct;bin;rgs;gif;jpg;jpeg;jpe;resx;tiff;tif;png;wav;mfcribbon-ms</Extensions>
    </Filter>
    <Filter Include="Header Files\helpers">
      <UniqueIdentifier>{3c5aa683-8bc8-4dd7-84d6-895486d9f5ac}</UniqueIdentifier>
    </Filter>
    <Filter Include="Header Files\math">
      <UniqueIdentifier>{f1c65227-ffe7-44cf-b8f9-22e7e32db0ca}</UniqueIdentifier>
    </Filter>
    <Filter Include="Header Files\sfx">
      <UniqueIdentifier>{d4ecdfdd-7371-430d-87f5-2f799dc187e4}</UniqueIdentifier>
    </Filter>
    <Filter Include="Source Files\math">
      <UniqueIdentifier>{858c1066-8c04-4f5c-8901-b5c67351f37d}</UniqueIdentifier>
    </Filter>
    <Filter Include="Source Files\textures">
      <UniqueIdentifier>{e17215a0-4840-4ef6-91c0-befee4aa7ae3}</UniqueIdentifier>
    </Filter>
    <Filter Include="Source Files\windows">
      <UniqueIdentifier>{2eed164d-fd86-47f8-85f0-b5dbc52499bc}</UniqueIdentifier>
    </Filter>
    <Filter Include="Header Files\windows">
      <UniqueIdentifier>{a897c78e-4fd9-4bbc-acda-a1add2c71345}</UniqueIdentifier>
    </Filter>
    <Filter Include="Header Files\textures">
      <UniqueIdentifier>{17f345c5-9ea9-4062-852f-80884a4ac12a}</UniqueIdentifier>
    </Filter>
    <Filter Include="Header Files\formats">
      <UniqueIdentifier>{ebc9f407-ca81-4e5b-a4a1-7bcbba1898d8}</UniqueIdentifier>
    </Filter>
    <Filter Include="Source Files\formats">
      <UniqueIdentifier>{741a9d0a-a16e-4d7a-9fc1-13ca4dfd4dee}</UniqueIdentifier>
    </Filter>
    <Filter Include="Header Files\misc">
      <UniqueIdentifier>{c1323373-3f39-4e64-a7c8-c59ac2045ee5}</UniqueIdentifier>
    </Filter>
    <Filter Include="Header Files\collision">
      <UniqueIdentifier>{5e7d497f-0396-438e-9a31-038f1891a05d}</UniqueIdentifier>
    </Filter>
    <Filter Include="Header Files\physics">
      <UniqueIdentifier>{bfd44b87-5359-4212-b91b-2f5e9e4f18dc}</UniqueIdentifier>
    </Filter>
    <Filter Include="Source Files\collision">
      <UniqueIdentifier>{91c9bc76-597d-407c-8cc4-4b20c495db3e}</UniqueIdentifier>
    </Filter>
    <Filter Include="Source Files\physics">
      <UniqueIdentifier>{1560d62a-53d4-4911-ac07-565bf5d107a6}</UniqueIdentifier>
    </Filter>
  </ItemGroup>
  <ItemGroup>
    <ClInclude Include="include\sfx\ADSR.h">
      <Filter>Header Files\sfx</Filter>
    </ClInclude>
    <ClInclude Include="include\sfx\Chorus.h">
      <Filter>Header Files\sfx</Filter>
    </ClInclude>
    <ClInclude Include="include\sfx\Delay.h">
      <Filter>Header Files\sfx</Filter>
    </ClInclude>
    <ClInclude Include="include\sfx\Filters.h">
      <Filter>Header Files\sfx</Filter>
    </ClInclude>
    <ClInclude Include="include\sfx\FiltersDelay.h">
      <Filter>Header Files\sfx</Filter>
    </ClInclude>
    <ClInclude Include="include\sfx\Flanger.h">
      <Filter>Header Files\sfx</Filter>
    </ClInclude>
    <ClInclude Include="include\sfx\Oscillators.h">
      <Filter>Header Files\sfx</Filter>
    </ClInclude>
    <ClInclude Include="include\sfx\Phaser.h">
      <Filter>Header Files\sfx</Filter>
    </ClInclude>
    <ClInclude Include="include\sfx\Reverb.h">
      <Filter>Header Files\sfx</Filter>
    </ClInclude>
    <ClInclude Include="include\textures\GenTextures.h">
      <Filter>Header Files\textures</Filter>
    </ClInclude>
    <ClInclude Include="include\windows\Timer.h">
      <Filter>Header Files\windows</Filter>
    </ClInclude>
    <ClInclude Include="include\windows\WaveOut_Base.h">
      <Filter>Header Files\windows</Filter>
    </ClInclude>
    <ClInclude Include="include\windows\WaveOut_SFX.h">
      <Filter>Header Files\windows</Filter>
    </ClInclude>
    <ClInclude Include="include\windows\WaveOut_Simple.h">
      <Filter>Header Files\windows</Filter>
    </ClInclude>
    <ClInclude Include="include\windows\Window.h">
      <Filter>Header Files\windows</Filter>
    </ClInclude>
    <ClInclude Include="include\helpers\common.h">
      <Filter>Header Files\helpers</Filter>
    </ClInclude>
    <ClInclude Include="include\math\AuxMath.h">
      <Filter>Header Files\math</Filter>
    </ClInclude>
    <ClInclude Include="include\math\Mat34.h">
      <Filter>Header Files\math</Filter>
    </ClInclude>
    <ClInclude Include="include\math\Mat44.h">
      <Filter>Header Files\math</Filter>
    </ClInclude>
    <ClInclude Include="include\math\Vec2.h">
      <Filter>Header Files\math</Filter>
    </ClInclude>
    <ClInclude Include="include\math\Vec3.h">
      <Filter>Header Files\math</Filter>
    </ClInclude>
    <ClInclude Include="include\math\Vec4.h">
      <Filter>Header Files\math</Filter>
    </ClInclude>
    <ClInclude Include="include\formats\tga.h">
      <Filter>Header Files\formats</Filter>
    </ClInclude>
    <ClInclude Include="include\formats\wav.h">
      <Filter>Header Files\formats</Filter>
    </ClInclude>
    <ClInclude Include="include\sfx\PinkNoise.h">
      <Filter>Header Files\sfx</Filter>
    </ClInclude>
    <ClInclude Include="include\sfx\PlotFilter.h">
      <Filter>Header Files\sfx</Filter>
    </ClInclude>
    <ClInclude Include="include\math\Mat33.h">
      <Filter>Header Files\math</Filter>
    </ClInclude>
    <ClInclude Include="include\misc\SortRadix.h">
      <Filter>Header Files\misc</Filter>
    </ClInclude>
    <ClInclude Include="include\misc\PoolBasic.h">
      <Filter>Header Files\misc</Filter>
    </ClInclude>
    <ClInclude Include="include\math\Quat.h">
      <Filter>Header Files\math</Filter>
    </ClInclude>
    <ClInclude Include="include\collision\contact_helpers.h">
      <Filter>Header Files\collision</Filter>
    </ClInclude>
    <ClInclude Include="include\collision\convex_hull.h">
      <Filter>Header Files\collision</Filter>
    </ClInclude>
    <ClInclude Include="include\collision\convex_raycast.h">
      <Filter>Header Files\collision</Filter>
    </ClInclude>
    <ClInclude Include="include\collision\convex_shapes.h">
      <Filter>Header Files\collision</Filter>
    </ClInclude>
    <ClInclude Include="include\collision\mpr.h">
      <Filter>Header Files\collision</Filter>
    </ClInclude>
    <ClInclude Include="include\physics\geometry.h">
      <Filter>Header Files\physics</Filter>
    </ClInclude>
    <ClInclude Include="include\physics\hl_rigidbody.h">
      <Filter>Header Files\physics</Filter>
    </ClInclude>
    <ClInclude Include="include\physics\joints.h">
      <Filter>Header Files\physics</Filter>
    </ClInclude>
    <ClInclude Include="include\physics\joints_fem.h">
      <Filter>Header Files\physics</Filter>
    </ClInclude>
    <ClInclude Include="include\physics\phys_helpers.h">
      <Filter>Header Files\physics</Filter>
    </ClInclude>
    <ClInclude Include="include\physics\solver_base.h">
      <Filter>Header Files\physics</Filter>
    </ClInclude>
    <ClInclude Include="include\physics\solver_lcpcg.h">
      <Filter>Header Files\physics</Filter>
    </ClInclude>
    <ClInclude Include="include\physics\solver_pgs.h">
      <Filter>Header Files\physics</Filter>
    </ClInclude>
    <ClInclude Include="include\physics\solver_pgs_ordered.h">
      <Filter>Header Files\physics</Filter>
    </ClInclude>
  </ItemGroup>
  <ItemGroup>
    <ClCompile Include="source\textures\GenTextures.cpp">
      <Filter>Source Files\textures</Filter>
    </ClCompile>
    <ClCompile Include="source\windows\Timer.cpp">
      <Filter>Source Files\windows</Filter>
    </ClCompile>
    <ClCompile Include="source\windows\Window.cpp">
      <Filter>Source Files\windows</Filter>
    </ClCompile>
    <ClCompile Include="source\windows\WaveOut_Base.cpp">
      <Filter>Source Files\windows</Filter>
    </ClCompile>
    <ClCompile Include="source\windows\WaveOut_SFX.cpp">
      <Filter>Source Files\windows</Filter>
    </ClCompile>
    <ClCompile Include="source\windows\WaveOut_Simple.cpp">
      <Filter>Source Files\windows</Filter>
    </ClCompile>
    <ClCompile Include="source\formats\tga.cpp">
      <Filter>Source Files\formats</Filter>
    </ClCompile>
    <ClCompile Include="source\formats\wav.cpp">
      <Filter>Source Files\formats</Filter>
    </ClCompile>
    <ClCompile Include="source\physics\joints.cpp">
      <Filter>Source Files\physics</Filter>
    </ClCompile>
    <ClCompile Include="source\physics\joints_fem.cpp">
      <Filter>Source Files\physics</Filter>
    </ClCompile>
    <ClCompile Include="source\physics\solver_base.cpp">
      <Filter>Source Files\physics</Filter>
    </ClCompile>
    <ClCompile Include="source\physics\solver_lcpcg.cpp">
      <Filter>Source Files\physics</Filter>
    </ClCompile>
    <ClCompile Include="source\physics\solver_pgs.cpp">
      <Filter>Source Files\physics</Filter>
    </ClCompile>
    <ClCompile Include="source\physics\solver_pgs_ordered.cpp">
      <Filter>Source Files\physics</Filter>
    </ClCompile>
  </ItemGroup>
</Project>